
Microsoft Visual Studio Solution File, Format Version 12.00
# Visual Studio Version 17
VisualStudioVersion = 17.5.33516.290
MinimumVisualStudioVersion = 10.0.40219.1
Project("{FAE04EC0-301F-11D3-BF4B-00C04F79EFBC}") = "Fizzbuzz2", "Fizzbuzz2\Fizzbuzz2.csproj", "{D0B960B9-739F-4A78-862A-3321AE8A8102}"
EndProject
Global
	GlobalSection(SolutionConfigurationPlatforms) = preSolution
		Debug|Any CPU = Debug|Any CPU
		Release|Any CPU = Release|Any CPU
	EndGlobalSection
	GlobalSection(ProjectConfigurationPlatforms) = postSolution
		{D0B960B9-739F-4A78-862A-3321AE8A8102}.Debug|Any CPU.ActiveCfg = Debug|Any CPU
		{D0B960B9-739F-4A78-862A-3321AE8A8102}.Debug|Any CPU.Build.0 = Debug|Any CPU
		{D0B960B9-739F-4A78-862A-3321AE8A8102}.Release|Any CPU.ActiveCfg = Release|Any CPU
		{D0B960B9-739F-4A78-862A-3321AE8A8102}.Release|Any CPU.Build.0 = Release|Any CPU
	EndGlobalSection
	GlobalSection(SolutionProperties) = preSolution
		HideSolutionNode = FALSE
	EndGlobalSection
	GlobalSection(ExtensibilityGlobals) = postSolution
		SolutionGuid = {A44F73D6-9FE5-4B68-ACB9-F5B6A3D6FDC4}
	EndGlobalSection
EndGlobal
